// !$*UTF8*$!
{
	archiveVersion = 1;
	classes = {
	};
	objectVersion = 55;
	objects = {

/* Begin PBXBuildFile section */
		9B0B196D284DEFD200370AEB /* AppDelegate.swift in Sources */ = {isa = PBXBuildFile; fileRef = 9B0B196C284DEFD200370AEB /* AppDelegate.swift */; };
		9B0B196F284DEFD200370AEB /* SceneDelegate.swift in Sources */ = {isa = PBXBuildFile; fileRef = 9B0B196E284DEFD200370AEB /* SceneDelegate.swift */; };
		9B0B1971284DEFD200370AEB /* ViewController.swift in Sources */ = {isa = PBXBuildFile; fileRef = 9B0B1970284DEFD200370AEB /* ViewController.swift */; };
		9B0B1974284DEFD200370AEB /* Main.storyboard in Resources */ = {isa = PBXBuildFile; fileRef = 9B0B1972284DEFD200370AEB /* Main.storyboard */; };
		9B0B1976284DEFD400370AEB /* Assets.xcassets in Resources */ = {isa = PBXBuildFile; fileRef = 9B0B1975284DEFD400370AEB /* Assets.xcassets */; };
		9B0B1979284DEFD400370AEB /* LaunchScreen.storyboard in Resources */ = {isa = PBXBuildFile; fileRef = 9B0B1977284DEFD400370AEB /* LaunchScreen.storyboard */; };
		9B0B1984284DEFD400370AEB /* UseCollectionViewTests.swift in Sources */ = {isa = PBXBuildFile; fileRef = 9B0B1983284DEFD400370AEB /* UseCollectionViewTests.swift */; };
		9B0B198E284DEFD400370AEB /* UseCollectionViewUITests.swift in Sources */ = {isa = PBXBuildFile; fileRef = 9B0B198D284DEFD400370AEB /* UseCollectionViewUITests.swift */; };
		9B0B1990284DEFD400370AEB /* UseCollectionViewUITestsLaunchTests.swift in Sources */ = {isa = PBXBuildFile; fileRef = 9B0B198F284DEFD400370AEB /* UseCollectionViewUITestsLaunchTests.swift */; };
/* End PBXBuildFile section */

/* Begin PBXContainerItemProxy section */
		9B0B1980284DEFD400370AEB /* PBXContainerItemProxy */ = {
			isa = PBXContainerItemProxy;
			containerPortal = 9B0B1961284DEFD200370AEB /* Project object */;
			proxyType = 1;
			remoteGlobalIDString = 9B0B1968284DEFD200370AEB;
			remoteInfo = UseCollectionView;
		};
		9B0B198A284DEFD400370AEB /* PBXContainerItemProxy */ = {
			isa = PBXContainerItemProxy;
			containerPortal = 9B0B1961284DEFD200370AEB /* Project object */;
			proxyType = 1;
			remoteGlobalIDString = 9B0B1968284DEFD200370AEB;
			remoteInfo = UseCollectionView;
		};
/* End PBXContainerItemProxy section */

/* Begin PBXFileReference section */
		9B0B1969284DEFD200370AEB /* UseCollectionView.app */ = {isa = PBXFileReference; explicitFileType = wrapper.application; includeInIndex = 0; path = UseCollectionView.app; sourceTree = BUILT_PRODUCTS_DIR; };
		9B0B196C284DEFD200370AEB /* AppDelegate.swift */ = {isa = PBXFileReference; lastKnownFileType = sourcecode.swift; path = AppDelegate.swift; sourceTree = "<group>"; };
		9B0B196E284DEFD200370AEB /* SceneDelegate.swift */ = {isa = PBXFileReference; lastKnownFileType = sourcecode.swift; path = SceneDelegate.swift; sourceTree = "<group>"; };
		9B0B1970284DEFD200370AEB /* ViewController.swift */ = {isa = PBXFileReference; lastKnownFileType = sourcecode.swift; path = ViewController.swift; sourceTree = "<group>"; };
		9B0B1973284DEFD200370AEB /* Base */ = {isa = PBXFileReference; lastKnownFileType = file.storyboard; name = Base; path = Base.lproj/Main.storyboard; sourceTree = "<group>"; };
		9B0B1975284DEFD400370AEB /* Assets.xcassets */ = {isa = PBXFileReference; lastKnownFileType = folder.assetcatalog; path = Assets.xcassets; sourceTree = "<group>"; };
		9B0B1978284DEFD400370AEB /* Base */ = {isa = PBXFileReference; lastKnownFileType = file.storyboard; name = Base; path = Base.lproj/LaunchScreen.storyboard; sourceTree = "<group>"; };
		9B0B197A284DEFD400370AEB /* Info.plist */ = {isa = PBXFileReference; lastKnownFileType = text.plist.xml; path = Info.plist; sourceTree = "<group>"; };
		9B0B197F284DEFD400370AEB /* UseCollectionViewTests.xctest */ = {isa = PBXFileReference; explicitFileType = wrapper.cfbundle; includeInIndex = 0; path = UseCollectionViewTests.xctest; sourceTree = BUILT_PRODUCTS_DIR; };
		9B0B1983284DEFD400370AEB /* UseCollectionViewTests.swift */ = {isa = PBXFileReference; lastKnownFileType = sourcecode.swift; path = UseCollectionViewTests.swift; sourceTree = "<group>"; };
		9B0B1989284DEFD400370AEB /* UseCollectionViewUITests.xctest */ = {isa = PBXFileReference; explicitFileType = wrapper.cfbundle; includeInIndex = 0; path = UseCollectionViewUITests.xctest; sourceTree = BUILT_PRODUCTS_DIR; };
		9B0B198D284DEFD400370AEB /* UseCollectionViewUITests.swift */ = {isa = PBXFileReference; lastKnownFileType = sourcecode.swift; path = UseCollectionViewUITests.swift; sourceTree = "<group>"; };
		9B0B198F284DEFD400370AEB /* UseCollectionViewUITestsLaunchTests.swift */ = {isa = PBXFileReference; lastKnownFileType = sourcecode.swift; path = UseCollectionViewUITestsLaunchTests.swift; sourceTree = "<group>"; };
/* End PBXFileReference section */

/* Begin PBXFrameworksBuildPhase section */
		9B0B1966284DEFD200370AEB /* Frameworks */ = {
			isa = PBXFrameworksBuildPhase;
			buildActionMask = 2147483647;
			files = (
			);
			runOnlyForDeploymentPostprocessing = 0;
		};
		9B0B197C284DEFD400370AEB /* Frameworks */ = {
			isa = PBXFrameworksBuildPhase;
			buildActionMask = 2147483647;
			files = (
			);
			runOnlyForDeploymentPostprocessing = 0;
		};
		9B0B1986284DEFD400370AEB /* Frameworks */ = {
			isa = PBXFrameworksBuildPhase;
			buildActionMask = 2147483647;
			files = (
			);
			runOnlyForDeploymentPostprocessing = 0;
		};
/* End PBXFrameworksBuildPhase section */

/* Begin PBXGroup section */
		9B0B1960284DEFD200370AEB = {
			isa = PBXGroup;
			children = (
				9B0B196B284DEFD200370AEB /* UseCollectionView */,
				9B0B1982284DEFD400370AEB /* UseCollectionViewTests */,
				9B0B198C284DEFD400370AEB /* UseCollectionViewUITests */,
				9B0B196A284DEFD200370AEB /* Products */,
			);
			sourceTree = "<group>";
		};
		9B0B196A284DEFD200370AEB /* Products */ = {
			isa = PBXGroup;
			children = (
				9B0B1969284DEFD200370AEB /* UseCollectionView.app */,
				9B0B197F284DEFD400370AEB /* UseCollectionViewTests.xctest */,
				9B0B1989284DEFD400370AEB /* UseCollectionViewUITests.xctest */,
			);
			name = Products;
			sourceTree = "<group>";
		};
		9B0B196B284DEFD200370AEB /* UseCollectionView */ = {
			isa = PBXGroup;
			children = (
				9B0B196C284DEFD200370AEB /* AppDelegate.swift */,
				9B0B196E284DEFD200370AEB /* SceneDelegate.swift */,
				9B0B1970284DEFD200370AEB /* ViewController.swift */,
				9B0B1972284DEFD200370AEB /* Main.storyboard */,
				9B0B1975284DEFD400370AEB /* Assets.xcassets */,
				9B0B1977284DEFD400370AEB /* LaunchScreen.storyboard */,
				9B0B197A284DEFD400370AEB /* Info.plist */,
			);
			path = UseCollectionView;
			sourceTree = "<group>";
		};
		9B0B1982284DEFD400370AEB /* UseCollectionViewTests */ = {
			isa = PBXGroup;
			children = (
				9B0B1983284DEFD400370AEB /* UseCollectionViewTests.swift */,
			);
			path = UseCollectionViewTests;
			sourceTree = "<group>";
		};
		9B0B198C284DEFD400370AEB /* UseCollectionViewUITests */ = {
			isa = PBXGroup;
			children = (
				9B0B198D284DEFD400370AEB /* UseCollectionViewUITests.swift */,
				9B0B198F284DEFD400370AEB /* UseCollectionViewUITestsLaunchTests.swift */,
			);
			path = UseCollectionViewUITests;
			sourceTree = "<group>";
		};
/* End PBXGroup section */

/* Begin PBXNativeTarget section */
		9B0B1968284DEFD200370AEB /* UseCollectionView */ = {
			isa = PBXNativeTarget;
			buildConfigurationList = 9B0B1993284DEFD400370AEB /* Build configuration list for PBXNativeTarget "UseCollectionView" */;
			buildPhases = (
				9B0B1965284DEFD200370AEB /* Sources */,
				9B0B1966284DEFD200370AEB /* Frameworks */,
				9B0B1967284DEFD200370AEB /* Resources */,
			);
			buildRules = (
			);
			dependencies = (
			);
			name = UseCollectionView;
			productName = UseCollectionView;
			productReference = 9B0B1969284DEFD200370AEB /* UseCollectionView.app */;
			productType = "com.apple.product-type.application";
		};
		9B0B197E284DEFD400370AEB /* UseCollectionViewTests */ = {
			isa = PBXNativeTarget;
			buildConfigurationList = 9B0B1996284DEFD400370AEB /* Build configuration list for PBXNativeTarget "UseCollectionViewTests" */;
			buildPhases = (
				9B0B197B284DEFD400370AEB /* Sources */,
				9B0B197C284DEFD400370AEB /* Frameworks */,
				9B0B197D284DEFD400370AEB /* Resources */,
			);
			buildRules = (
			);
			dependencies = (
				9B0B1981284DEFD400370AEB /* PBXTargetDependency */,
			);
			name = UseCollectionViewTests;
			productName = UseCollectionViewTests;
			productReference = 9B0B197F284DEFD400370AEB /* UseCollectionViewTests.xctest */;
			productType = "com.apple.product-type.bundle.unit-test";
		};
		9B0B1988284DEFD400370AEB /* UseCollectionViewUITests */ = {
			isa = PBXNativeTarget;
			buildConfigurationList = 9B0B1999284DEFD400370AEB /* Build configuration list for PBXNativeTarget "UseCollectionViewUITests" */;
			buildPhases = (
				9B0B1985284DEFD400370AEB /* Sources */,
				9B0B1986284DEFD400370AEB /* Frameworks */,
				9B0B1987284DEFD400370AEB /* Resources */,
			);
			buildRules = (
			);
			dependencies = (
				9B0B198B284DEFD400370AEB /* PBXTargetDependency */,
			);
			name = UseCollectionViewUITests;
			productName = UseCollectionViewUITests;
			productReference = 9B0B1989284DEFD400370AEB /* UseCollectionViewUITests.xctest */;
			productType = "com.apple.product-type.bundle.ui-testing";
		};
/* End PBXNativeTarget section */

/* Begin PBXProject section */
		9B0B1961284DEFD200370AEB /* Project object */ = {
			isa = PBXProject;
			attributes = {
				BuildIndependentTargetsInParallel = 1;
				LastSwiftUpdateCheck = 1340;
				LastUpgradeCheck = 1340;
				TargetAttributes = {
					9B0B1968284DEFD200370AEB = {
						CreatedOnToolsVersion = 13.4;
					};
					9B0B197E284DEFD400370AEB = {
						CreatedOnToolsVersion = 13.4;
						TestTargetID = 9B0B1968284DEFD200370AEB;
					};
					9B0B1988284DEFD400370AEB = {
						CreatedOnToolsVersion = 13.4;
						TestTargetID = 9B0B1968284DEFD200370AEB;
					};
				};
			};
			buildConfigurationList = 9B0B1964284DEFD200370AEB /* Build configuration list for PBXProject "UseCollectionView" */;
			compatibilityVersion = "Xcode 13.0";
			developmentRegion = en;
			hasScannedForEncodings = 0;
			knownRegions = (
				en,
				Base,
			);
			mainGroup = 9B0B1960284DEFD200370AEB;
			productRefGroup = 9B0B196A284DEFD200370AEB /* Products */;
			projectDirPath = "";
			projectRoot = "";
			targets = (
				9B0B1968284DEFD200370AEB /* UseCollectionView */,
				9B0B197E284DEFD400370AEB /* UseCollectionViewTests */,
				9B0B1988284DEFD400370AEB /* UseCollectionViewUITests */,
			);
		};
/* End PBXProject section */

/* Begin PBXResourcesBuildPhase section */
		9B0B1967284DEFD200370AEB /* Resources */ = {
			isa = PBXResourcesBuildPhase;
			buildActionMask = 2147483647;
			files = (
				9B0B1979284DEFD400370AEB /* LaunchScreen.storyboard in Resources */,
				9B0B1976284DEFD400370AEB /* Assets.xcassets in Resources */,
				9B0B1974284DEFD200370AEB /* Main.storyboard in Resources */,
			);
			runOnlyForDeploymentPostprocessing = 0;
		};
		9B0B197D284DEFD400370AEB /* Resources */ = {
			isa = PBXResourcesBuildPhase;
			buildActionMask = 2147483647;
			files = (
			);
			runOnlyForDeploymentPostprocessing = 0;
		};
		9B0B1987284DEFD400370AEB /* Resources */ = {
			isa = PBXResourcesBuildPhase;
			buildActionMask = 2147483647;
			files = (
			);
			runOnlyForDeploymentPostprocessing = 0;
		};
/* End PBXResourcesBuildPhase section */

/* Begin PBXSourcesBuildPhase section */
		9B0B1965284DEFD200370AEB /* Sources */ = {
			isa = PBXSourcesBuildPhase;
			buildActionMask = 2147483647;
			files = (
				9B0B1971284DEFD200370AEB /* ViewController.swift in Sources */,
				9B0B196D284DEFD200370AEB /* AppDelegate.swift in Sources */,
				9B0B196F284DEFD200370AEB /* SceneDelegate.swift in Sources */,
			);
			runOnlyForDeploymentPostprocessing = 0;
		};
		9B0B197B284DEFD400370AEB /* Sources */ = {
			isa = PBXSourcesBuildPhase;
			buildActionMask = 2147483647;
			files = (
				9B0B1984284DEFD400370AEB /* UseCollectionViewTests.swift in Sources */,
			);
			runOnlyForDeploymentPostprocessing = 0;
		};
		9B0B1985284DEFD400370AEB /* Sources */ = {
			isa = PBXSourcesBuildPhase;
			buildActionMask = 2147483647;
			files = (
				9B0B198E284DEFD400370AEB /* UseCollectionViewUITests.swift in Sources */,
				9B0B1990284DEFD400370AEB /* UseCollectionViewUITestsLaunchTests.swift in Sources */,
			);
			runOnlyForDeploymentPostprocessing = 0;
		};
/* End PBXSourcesBuildPhase section */

/* Begin PBXTargetDependency section */
		9B0B1981284DEFD400370AEB /* PBXTargetDependency */ = {
			isa = PBXTargetDependency;
			target = 9B0B1968284DEFD200370AEB /* UseCollectionView */;
			targetProxy = 9B0B1980284DEFD400370AEB /* PBXContainerItemProxy */;
		};
		9B0B198B284DEFD400370AEB /* PBXTargetDependency */ = {
			isa = PBXTargetDependency;
			target = 9B0B1968284DEFD200370AEB /* UseCollectionView */;
			targetProxy = 9B0B198A284DEFD400370AEB /* PBXContainerItemProxy */;
		};
/* End PBXTargetDependency section */

/* Begin PBXVariantGroup section */
		9B0B1972284DEFD200370AEB /* Main.storyboard */ = {
			isa = PBXVariantGroup;
			children = (
				9B0B1973284DEFD200370AEB /* Base */,
			);
			name = Main.storyboard;
			sourceTree = "<group>";
		};
		9B0B1977284DEFD400370AEB /* LaunchScreen.storyboard */ = {
			isa = PBXVariantGroup;
			children = (
				9B0B1978284DEFD400370AEB /* Base */,
			);
			name = LaunchScreen.storyboard;
			sourceTree = "<group>";
		};
/* End PBXVariantGroup section */

/* Begin XCBuildConfiguration section */
		9B0B1991284DEFD400370AEB /* Debug */ = {
			isa = XCBuildConfiguration;
			buildSettings = {
				ALWAYS_SEARCH_USER_PATHS = NO;
				CLANG_ANALYZER_NONNULL = YES;
				CLANG_ANALYZER_NUMBER_OBJECT_CONVERSION = YES_AGGRESSIVE;
				CLANG_CXX_LANGUAGE_STANDARD = "gnu++17";
				CLANG_ENABLE_MODULES = YES;
				CLANG_ENABLE_OBJC_ARC = YES;
				CLANG_ENABLE_OBJC_WEAK = YES;
				CLANG_WARN_BLOCK_CAPTURE_AUTORELEASING = YES;
				CLANG_WARN_BOOL_CONVERSION = YES;
				CLANG_WARN_COMMA = YES;
				CLANG_WARN_CONSTANT_CONVERSION = YES;
				CLANG_WARN_DEPRECATED_OBJC_IMPLEMENTATIONS = YES;
				CLANG_WARN_DIRECT_OBJC_ISA_USAGE = YES_ERROR;
				CLANG_WARN_DOCUMENTATION_COMMENTS = YES;
				CLANG_WARN_EMPTY_BODY = YES;
				CLANG_WARN_ENUM_CONVERSION = YES;
				CLANG_WARN_INFINITE_RECURSION = YES;
				CLANG_WARN_INT_CONVERSION = YES;
				CLANG_WARN_NON_LITERAL_NULL_CONVERSION = YES;
				CLANG_WARN_OBJC_IMPLICIT_RETAIN_SELF = YES;
				CLANG_WARN_OBJC_LITERAL_CONVERSION = YES;
				CLANG_WARN_OBJC_ROOT_CLASS = YES_ERROR;
				CLANG_WARN_QUOTED_INCLUDE_IN_FRAMEWORK_HEADER = YES;
				CLANG_WARN_RANGE_LOOP_ANALYSIS = YES;
				CLANG_WARN_STRICT_PROTOTYPES = YES;
				CLANG_WARN_SUSPICIOUS_MOVE = YES;
				CLANG_WARN_UNGUARDED_AVAILABILITY = YES_AGGRESSIVE;
				CLANG_WARN_UNREACHABLE_CODE = YES;
				CLANG_WARN__DUPLICATE_METHOD_MATCH = YES;
				COPY_PHASE_STRIP = NO;
				DEBUG_INFORMATION_FORMAT = dwarf;
				ENABLE_STRICT_OBJC_MSGSEND = YES;
				ENABLE_TESTABILITY = YES;
				GCC_C_LANGUAGE_STANDARD = gnu11;
				GCC_DYNAMIC_NO_PIC = NO;
				GCC_NO_COMMON_BLOCKS = YES;
				GCC_OPTIMIZATION_LEVEL = 0;
				GCC_PREPROCESSOR_DEFINITIONS = (
					"DEBUG=1",
					"$(inherited)",
				);
				GCC_WARN_64_TO_32_BIT_CONVERSION = YES;
				GCC_WARN_ABOUT_RETURN_TYPE = YES_ERROR;
				GCC_WARN_UNDECLARED_SELECTOR = YES;
				GCC_WARN_UNINITIALIZED_AUTOS = YES_AGGRESSIVE;
				GCC_WARN_UNUSED_FUNCTION = YES;
				GCC_WARN_UNUSED_VARIABLE = YES;
				IPHONEOS_DEPLOYMENT_TARGET = 15.5;
				MTL_ENABLE_DEBUG_INFO = INCLUDE_SOURCE;
				MTL_FAST_MATH = YES;
				ONLY_ACTIVE_ARCH = YES;
				SDKROOT = iphoneos;
				SWIFT_ACTIVE_COMPILATION_CONDITIONS = DEBUG;
				SWIFT_OPTIMIZATION_LEVEL = "-Onone";
			};
			name = Debug;
		};
		9B0B1992284DEFD400370AEB /* Release */ = {
			isa = XCBuildConfiguration;
			buildSettings = {
				ALWAYS_SEARCH_USER_PATHS = NO;
				CLANG_ANALYZER_NONNULL = YES;
				CLANG_ANALYZER_NUMBER_OBJECT_CONVERSION = YES_AGGRESSIVE;
				CLANG_CXX_LANGUAGE_STANDARD = "gnu++17";
				CLANG_ENABLE_MODULES = YES;
				CLANG_ENABLE_OBJC_ARC = YES;
				CLANG_ENABLE_OBJC_WEAK = YES;
				CLANG_WARN_BLOCK_CAPTURE_AUTORELEASING = YES;
				CLANG_WARN_BOOL_CONVERSION = YES;
				CLANG_WARN_COMMA = YES;
				CLANG_WARN_CONSTANT_CONVERSION = YES;
				CLANG_WARN_DEPRECATED_OBJC_IMPLEMENTATIONS = YES;
				CLANG_WARN_DIRECT_OBJC_ISA_USAGE = YES_ERROR;
				CLANG_WARN_DOCUMENTATION_COMMENTS = YES;
				CLANG_WARN_EMPTY_BODY = YES;
				CLANG_WARN_ENUM_CONVERSION = YES;
				CLANG_WARN_INFINITE_RECURSION = YES;
				CLANG_WARN_INT_CONVERSION = YES;
				CLANG_WARN_NON_LITERAL_NULL_CONVERSION = YES;
				CLANG_WARN_OBJC_IMPLICIT_RETAIN_SELF = YES;
				CLANG_WARN_OBJC_LITERAL_CONVERSION = YES;
				CLANG_WARN_OBJC_ROOT_CLASS = YES_ERROR;
				CLANG_WARN_QUOTED_INCLUDE_IN_FRAMEWORK_HEADER = YES;
				CLANG_WARN_RANGE_LOOP_ANALYSIS = YES;
				CLANG_WARN_STRICT_PROTOTYPES = YES;
				CLANG_WARN_SUSPICIOUS_MOVE = YES;
				CLANG_WARN_UNGUARDED_AVAILABILITY = YES_AGGRESSIVE;
				CLANG_WARN_UNREACHABLE_CODE = YES;
				CLANG_WARN__DUPLICATE_METHOD_MATCH = YES;
				COPY_PHASE_STRIP = NO;
				DEBUG_INFORMATION_FORMAT = "dwarf-with-dsym";
				ENABLE_NS_ASSERTIONS = NO;
				ENABLE_STRICT_OBJC_MSGSEND = YES;
				GCC_C_LANGUAGE_STANDARD = gnu11;
				GCC_NO_COMMON_BLOCKS = YES;
				GCC_WARN_64_TO_32_BIT_CONVERSION = YES;
				GCC_WARN_ABOUT_RETURN_TYPE = YES_ERROR;
				GCC_WARN_UNDECLARED_SELECTOR = YES;
				GCC_WARN_UNINITIALIZED_AUTOS = YES_AGGRESSIVE;
				GCC_WARN_UNUSED_FUNCTION = YES;
				GCC_WARN_UNUSED_VARIABLE = YES;
				IPHONEOS_DEPLOYMENT_TARGET = 15.5;
				MTL_ENABLE_DEBUG_INFO = NO;
				MTL_FAST_MATH = YES;
				SDKROOT = iphoneos;
				SWIFT_COMPILATION_MODE = wholemodule;
				SWIFT_OPTIMIZATION_LEVEL = "-O";
				VALIDATE_PRODUCT = YES;
			};
			name = Release;
		};
		9B0B1994284DEFD400370AEB /* Debug */ = {
			isa = XCBuildConfiguration;
			buildSettings = {
				ASSETCATALOG_COMPILER_APPICON_NAME = AppIcon;
				ASSETCATALOG_COMPILER_GLOBAL_ACCENT_COLOR_NAME = AccentColor;
				CODE_SIGN_STYLE = Automatic;
				CURRENT_PROJECT_VERSION = 1;
				GENERATE_INFOPLIST_FILE = YES;
				INFOPLIST_FILE = UseCollectionView/Info.plist;
				INFOPLIST_KEY_UIApplicationSupportsIndirectInputEvents = YES;
				INFOPLIST_KEY_UILaunchStoryboardName = LaunchScreen;
				INFOPLIST_KEY_UIMainStoryboardFile = Main;
				INFOPLIST_KEY_UISupportedInterfaceOrientations_iPad = "UIInterfaceOrientationPortrait UIInterfaceOrientationPortraitUpsideDown UIInterfaceOrientationLandscapeLeft UIInterfaceOrientationLandscapeRight";
				INFOPLIST_KEY_UISupportedInterfaceOrientations_iPhone = "UIInterfaceOrientationPortrait UIInterfaceOrientationLandscapeLeft UIInterfaceOrientationLandscapeRight";
				LD_RUNPATH_SEARCH_PATHS = (
					"$(inherited)",
					"@executable_path/Frameworks",
				);
				MARKETING_VERSION = 1.0;
				PRODUCT_BUNDLE_IDENTIFIER = com.nagumo.UseCollectionView;
				PRODUCT_NAME = "$(TARGET_NAME)";
				SWIFT_EMIT_LOC_STRINGS = YES;
				SWIFT_VERSION = 5.0;
				TARGETED_DEVICE_FAMILY = "1,2";
			};
			name = Debug;
		};
		9B0B1995284DEFD400370AEB /* Release */ = {
			isa = XCBuildConfiguration;
			buildSettings = {
				ASSETCATALOG_COMPILER_APPICON_NAME = AppIcon;
				ASSETCATALOG_COMPILER_GLOBAL_ACCENT_COLOR_NAME = AccentColor;
				CODE_SIGN_STYLE = Automatic;
				CURRENT_PROJECT_VERSION = 1;
				GENERATE_INFOPLIST_FILE = YES;
				INFOPLIST_FILE = UseCollectionView/Info.plist;
				INFOPLIST_KEY_UIApplicationSupportsIndirectInputEvents = YES;
				INFOPLIST_KEY_UILaunchStoryboardName = LaunchScreen;
				INFOPLIST_KEY_UIMainStoryboardFile = Main;
				INFOPLIST_KEY_UISupportedInterfaceOrientations_iPad = "UIInterfaceOrientationPortrait UIInterfaceOrientationPortraitUpsideDown UIInterfaceOrientationLandscapeLeft UIInterfaceOrientationLandscapeRight";
				INFOPLIST_KEY_UISupportedInterfaceOrientations_iPhone = "UIInterfaceOrientationPortrait UIInterfaceOrientationLandscapeLeft UIInterfaceOrientationLandscapeRight";
				LD_RUNPATH_SEARCH_PATHS = (
					"$(inherited)",
					"@executable_path/Frameworks",
				);
				MARKETING_VERSION = 1.0;
				PRODUCT_BUNDLE_IDENTIFIER = com.nagumo.UseCollectionView;
				PRODUCT_NAME = "$(TARGET_NAME)";
				SWIFT_EMIT_LOC_STRINGS = YES;
				SWIFT_VERSION = 5.0;
				TARGETED_DEVICE_FAMILY = "1,2";
			};
			name = Release;
		};
		9B0B1997284DEFD400370AEB /* Debug */ = {
			isa = XCBuildConfiguration;
			buildSettings = {
				ALWAYS_EMBED_SWIFT_STANDARD_LIBRARIES = YES;
				BUNDLE_LOADER = "$(TEST_HOST)";
				CODE_SIGN_STYLE = Automatic;
				CURRENT_PROJECT_VERSION = 1;
				GENERATE_INFOPLIST_FILE = YES;
				IPHONEOS_DEPLOYMENT_TARGET = 15.5;
				MARKETING_VERSION = 1.0;
				PRODUCT_BUNDLE_IDENTIFIER = com.nagumo.UseCollectionViewTests;
				PRODUCT_NAME = "$(TARGET_NAME)";
				SWIFT_EMIT_LOC_STRINGS = NO;
				SWIFT_VERSION = 5.0;
				TARGETED_DEVICE_FAMILY = "1,2";
				TEST_HOST = "$(BUILT_PRODUCTS_DIR)/UseCollectionView.app/UseCollectionView";
			};
			name = Debug;
		};
		9B0B1998284DEFD400370AEB /* Release */ = {
			isa = XCBuildConfiguration;
			buildSettings = {
				ALWAYS_EMBED_SWIFT_STANDARD_LIBRARIES = YES;
				BUNDLE_LOADER = "$(TEST_HOST)";
				CODE_SIGN_STYLE = Automatic;
				CURRENT_PROJECT_VERSION = 1;
				GENERATE_INFOPLIST_FILE = YES;
				IPHONEOS_DEPLOYMENT_TARGET = 15.5;
				MARKETING_VERSION = 1.0;
				PRODUCT_BUNDLE_IDENTIFIER = com.nagumo.UseCollectionViewTests;
				PRODUCT_NAME = "$(TARGET_NAME)";
				SWIFT_EMIT_LOC_STRINGS = NO;
				SWIFT_VERSION = 5.0;
				TARGETED_DEVICE_FAMILY = "1,2";
				TEST_HOST = "$(BUILT_PRODUCTS_DIR)/UseCollectionView.app/UseCollectionView";
			};
			name = Release;
		};
		9B0B199A284DEFD400370AEB /* Debug */ = {
			isa = XCBuildConfiguration;
			buildSettings = {
				ALWAYS_EMBED_SWIFT_STANDARD_LIBRARIES = YES;
				CODE_SIGN_STYLE = Automatic;
				CURRENT_PROJECT_VERSION = 1;
				GENERATE_INFOPLIST_FILE = YES;
				MARKETING_VERSION = 1.0;
				PRODUCT_BUNDLE_IDENTIFIER = com.nagumo.UseCollectionViewUITests;
				PRODUCT_NAME = "$(TARGET_NAME)";
				SWIFT_EMIT_LOC_STRINGS = NO;
				SWIFT_VERSION = 5.0;
				TARGETED_DEVICE_FAMILY = "1,2";
				TEST_TARGET_NAME = UseCollectionView;
			};
			name = Debug;
		};
		9B0B199B284DEFD400370AEB /* Release */ = {
			isa = XCBuildConfiguration;
			buildSettings = {
				ALWAYS_EMBED_SWIFT_STANDARD_LIBRARIES = YES;
				CODE_SIGN_STYLE = Automatic;
				CURRENT_PROJECT_VERSION = 1;
				GENERATE_INFOPLIST_FILE = YES;
				MARKETING_VERSION = 1.0;
				PRODUCT_BUNDLE_IDENTIFIER = com.nagumo.UseCollectionViewUITests;
				PRODUCT_NAME = "$(TARGET_NAME)";
				SWIFT_EMIT_LOC_STRINGS = NO;
				SWIFT_VERSION = 5.0;
				TARGETED_DEVICE_FAMILY = "1,2";
				TEST_TARGET_NAME = UseCollectionView;
			};
			name = Release;
		};
/* End XCBuildConfiguration section */

/* Begin XCConfigurationList section */
		9B0B1964284DEFD200370AEB /* Build configuration list for PBXProject "UseCollectionView" */ = {
			isa = XCConfigurationList;
			buildConfigurations = (
				9B0B1991284DEFD400370AEB /* Debug */,
				9B0B1992284DEFD400370AEB /* Release */,
			);
			defaultConfigurationIsVisible = 0;
			defaultConfigurationName = Release;
		};
		9B0B1993284DEFD400370AEB /* Build configuration list for PBXNativeTarget "UseCollectionView" */ = {
			isa = XCConfigurationList;
			buildConfigurations = (
				9B0B1994284DEFD400370AEB /* Debug */,
				9B0B1995284DEFD400370AEB /* Release */,
			);
			defaultConfigurationIsVisible = 0;
			defaultConfigurationName = Release;
		};
		9B0B1996284DEFD400370AEB /* Build configuration list for PBXNativeTarget "UseCollectionViewTests" */ = {
			isa = XCConfigurationList;
			buildConfigurations = (
				9B0B1997284DEFD400370AEB /* Debug */,
				9B0B1998284DEFD400370AEB /* Release */,
			);
			defaultConfigurationIsVisible = 0;
			defaultConfigurationName = Release;
		};
		9B0B1999284DEFD400370AEB /* Build configuration list for PBXNativeTarget "UseCollectionViewUITests" */ = {
			isa = XCConfigurationList;
			buildConfigurations = (
				9B0B199A284DEFD400370AEB /* Debug */,
				9B0B199B284DEFD400370AEB /* Release */,
			);
			defaultConfigurationIsVisible = 0;
			defaultConfigurationName = Release;
		};
/* End XCConfigurationList section */
	};
	rootObject = 9B0B1961284DEFD200370AEB /* Project object */;
}
